
Microsoft Visual Studio Solution File, Format Version 12.00
# Visual Studio Version 17
VisualStudioVersion = 17.11.35327.3
MinimumVisualStudioVersion = 10.0.40219.1
Project("{2150E333-8FDC-42A3-9474-1A3956D46DE8}") = "Task0", "Task0", "{142C8040-9B10-4DFD-87C2-5610349DF59D}"
EndProject
Project("{9A19103F-16F7-4668-BE54-9A1E7A4F7556}") = "Tyuiu.GizatullinAP.Sprint6.Task0.V7.Lib", "Tyuiu.GizatullinAP.Sprint6.Task0.V7.Lib\Tyuiu.GizatullinAP.Sprint6.Task0.V7.Lib.csproj", "{541D69E2-9E32-4C64-9C0C-EF064C4DE524}"
EndProject
Project("{9A19103F-16F7-4668-BE54-9A1E7A4F7556}") = "Tyuiu.GizatullinAP.Sprint6.Task0.V7.Test", "Tyuiu.GizatullinAP.Sprint6.Task0.V7.Test\Tyuiu.GizatullinAP.Sprint6.Task0.V7.Test.csproj", "{BB000A2F-B290-4C01-8366-375FB93E2496}"
EndProject
Project("{9A19103F-16F7-4668-BE54-9A1E7A4F7556}") = "Tyuiu.GizatullinAP.Sprint6.Task0.V7", "Tyuiu.GizatullinAP.Sprint6.Task0.V7\Tyuiu.GizatullinAP.Sprint6.Task0.V7.csproj", "{39706D85-03A7-4545-AB5B-D72215651C4D}"
EndProject
Project("{2150E333-8FDC-42A3-9474-1A3956D46DE8}") = "Task1", "Task1", "{4B7BBE9C-7D83-44C4-BDD0-FF36C1A93F41}"
EndProject
Project("{9A19103F-16F7-4668-BE54-9A1E7A4F7556}") = "Tyuiu.GizatullinAP.Sprint6.Task1.V24.Test", "Tyuiu.GizatullinAP.Sprint6.Task1.V24.Test\Tyuiu.GizatullinAP.Sprint6.Task1.V24.Test.csproj", "{A4AB033F-DCC8-4AB3-8C88-F0FF2F65B7B9}"
EndProject
Project("{9A19103F-16F7-4668-BE54-9A1E7A4F7556}") = "Tyuiu.GizatullinAP.Sprint6.Task1.V24.Lib", "Tyuiu.GizatullinAP.Sprint6.Task1.V24.Lib\Tyuiu.GizatullinAP.Sprint6.Task1.V24.Lib.csproj", "{64B0B41D-FD4C-47E0-BB04-CA5B2FD1A9BB}"
EndProject
Project("{FAE04EC0-301F-11D3-BF4B-00C04F79EFBC}") = "Tyuiu.GizatullinAP.Sprint6.Task1.V24", "Tyuiu.GiztullinAP.Sprint6.Task1.V24\Tyuiu.GizatullinAP.Sprint6.Task1.V24.csproj", "{C54929FE-C788-4B17-99BC-3548B3DB8F20}"
EndProject
Project("{2150E333-8FDC-42A3-9474-1A3956D46DE8}") = "Task2", "Task2", "{59358E1E-AA3C-4B02-A5DA-D2F284EADA04}"
EndProject
Project("{FAE04EC0-301F-11D3-BF4B-00C04F79EFBC}") = "Tyuiu.GizatullinAP.Sprint6.Task2.V17.Lib", "Tyuiu.GizatullinAP.Sprint6.Task2.V17.Lib\Tyuiu.GizatullinAP.Sprint6.Task2.V17.Lib.csproj", "{D083C47E-0139-4B85-8051-89976CB31F1D}"
EndProject
Project("{FAE04EC0-301F-11D3-BF4B-00C04F79EFBC}") = "Tyuiu.GizatullinAP.Sprint6.Task2.V17.Test", "Tyuiu.GizatullinAP.Sprint6.Task2.V17.Test\Tyuiu.GizatullinAP.Sprint6.Task2.V17.Test.csproj", "{9F33F118-AC92-479C-AB9B-24DEC35F3159}"
EndProject
Project("{FAE04EC0-301F-11D3-BF4B-00C04F79EFBC}") = "Tyuiu.GizatullinAP.Sprint6.Task2.V17", "Tyuiu.GizatullinAP.Sprint6.Task2.V17\Tyuiu.GizatullinAP.Sprint6.Task2.V17.csproj", "{53356497-197D-4D4A-81E4-5ECF888F6AE3}"
EndProject
Project("{2150E333-8FDC-42A3-9474-1A3956D46DE8}") = "Task6", "Task6", "{786B64D2-0098-4244-81A2-7600DA85A165}"
EndProject
Project("{FAE04EC0-301F-11D3-BF4B-00C04F79EFBC}") = "Tyuiu.GizatullinAP.Sprint6.Task6.V29.Lib", "Tyuiu.GizatullinAP.Sprint6.Task6.V29.Lib\Tyuiu.GizatullinAP.Sprint6.Task6.V29.Lib.csproj", "{8D04CB3D-5C01-484A-82D2-D6AAAF17C7F8}"
EndProject
Project("{FAE04EC0-301F-11D3-BF4B-00C04F79EFBC}") = "Tyuiu.GizatullinAP.Sprint6.Task6.V29.Test", "Tyuiu.GizatullinAP.Sprint6.Task6.V29.Test\Tyuiu.GizatullinAP.Sprint6.Task6.V29.Test.csproj", "{81FAE44A-18E3-43A0-9BAF-3CC797B31341}"
EndProject
Project("{FAE04EC0-301F-11D3-BF4B-00C04F79EFBC}") = "Tyuiu.GizatullinAP.Sprint6.Task6.V29", "Tyuiu.GizatullinAP.Sprint6.Task6.V29\Tyuiu.GizatullinAP.Sprint6.Task6.V29.csproj", "{A8A83367-B7D2-443E-8A6C-2CD09C648ED7}"
EndProject
Project("{2150E333-8FDC-42A3-9474-1A3956D46DE8}") = "Task3", "Task3", "{0194BC0B-B003-4E17-A3BE-5C446E8FBC1A}"
EndProject
Project("{FAE04EC0-301F-11D3-BF4B-00C04F79EFBC}") = "Tyuiu.GizatullinAP.Sprint6.Task3.V6.Test", "Tyuiu.GizatullinAP.Sprint6.Task3.V6.Test\Tyuiu.GizatullinAP.Sprint6.Task3.V6.Test.csproj", "{10769199-E8CB-43CE-9004-DA12683E2DF9}"
EndProject
Project("{FAE04EC0-301F-11D3-BF4B-00C04F79EFBC}") = "Tyuiu.GizatullinAP.Sprint6.Task3.V6.Lib", "Tyuiu.GizatullinAP.Sprint6.Task3.V6.Lib\Tyuiu.GizatullinAP.Sprint6.Task3.V6.Lib.csproj", "{80A48698-4E8C-452C-9D3A-98357C192B52}"
EndProject
Project("{2150E333-8FDC-42A3-9474-1A3956D46DE8}") = "Task4", "Task4", "{CD93AE44-0CDA-4EE7-B687-199F89975CD1}"
EndProject
Project("{FAE04EC0-301F-11D3-BF4B-00C04F79EFBC}") = "Tyuiu.GizatullinAP.Sprint6.Task4.V29.Lib", "Tyuiu.GizatullinAP.Sprint6.Task4.V29.Lib\Tyuiu.GizatullinAP.Sprint6.Task4.V29.Lib.csproj", "{18419E62-7D21-4B32-BAC9-E33F240AE6C1}"
EndProject
Project("{FAE04EC0-301F-11D3-BF4B-00C04F79EFBC}") = "Tyuiu.GizatullinAP.Sprint6.Task4.V29.Test", "Tyuiu.GizatullinAP.Sprint6.Task4.V29.Test\Tyuiu.GizatullinAP.Sprint6.Task4.V29.Test.csproj", "{AF8EFB95-DFF2-46F2-BD3A-907E87BD0DA4}"
EndProject
Project("{2150E333-8FDC-42A3-9474-1A3956D46DE8}") = "Task5", "Task5", "{9EE86F3C-0000-4D59-B528-C837758B8392}"
EndProject
Project("{FAE04EC0-301F-11D3-BF4B-00C04F79EFBC}") = "Tyuiu.GizatullinAP.Sprint6.Task5.V24.Lib", "Tyuiu.GizatullinAP.Sprint6.Task5.V24.Lib\Tyuiu.GizatullinAP.Sprint6.Task5.V24.Lib.csproj", "{F4A31290-2ABA-43F9-BB45-0846D69C2200}"
EndProject
Project("{FAE04EC0-301F-11D3-BF4B-00C04F79EFBC}") = "Tyuiu.GizatullinAP.Sprint6.Task5.V24.Test", "Tyuiu.GizatullinAP.Sprint6.Task5.V24.Test\Tyuiu.GizatullinAP.Sprint6.Task5.V24.Test.csproj", "{95CF4AAD-39E1-4193-973B-9E2161C355AF}"
EndProject
Project("{FAE04EC0-301F-11D3-BF4B-00C04F79EFBC}") = "Tyuiu.GizatullinAP.Sprint6.Task5.V24", "Tyuiu.GizatullinAP.Sprint6.Task5.V24\Tyuiu.GizatullinAP.Sprint6.Task5.V24.csproj", "{59AD514C-7F49-4686-A71B-665CF26703E4}"
EndProject
Project("{FAE04EC0-301F-11D3-BF4B-00C04F79EFBC}") = "Tyuiu.GizatullinAP.Sprint6.Task4.V29", "Tyuiu.GizatullinAP.Sprint6.Task4.V29\Tyuiu.GizatullinAP.Sprint6.Task4.V29.csproj", "{A77B17B2-FF37-4635-90A1-FCE44BC3005B}"
EndProject
Project("{FAE04EC0-301F-11D3-BF4B-00C04F79EFBC}") = "Tyuiu.GizatullinAP.Sprint6.Task3.V6", "Tyuiu.GizatullinAP.Sprint6.Task3.V6\Tyuiu.GizatullinAP.Sprint6.Task3.V6.csproj", "{8EC1DAD0-D450-4653-8884-D26CDE5D38C9}"
EndProject
Global
	GlobalSection(SolutionConfigurationPlatforms) = preSolution
		Debug|Any CPU = Debug|Any CPU
		Release|Any CPU = Release|Any CPU
	EndGlobalSection
	GlobalSection(ProjectConfigurationPlatforms) = postSolution
		{541D69E2-9E32-4C64-9C0C-EF064C4DE524}.Debug|Any CPU.ActiveCfg = Debug|Any CPU
		{541D69E2-9E32-4C64-9C0C-EF064C4DE524}.Debug|Any CPU.Build.0 = Debug|Any CPU
		{541D69E2-9E32-4C64-9C0C-EF064C4DE524}.Release|Any CPU.ActiveCfg = Release|Any CPU
		{541D69E2-9E32-4C64-9C0C-EF064C4DE524}.Release|Any CPU.Build.0 = Release|Any CPU
		{BB000A2F-B290-4C01-8366-375FB93E2496}.Debug|Any CPU.ActiveCfg = Debug|Any CPU
		{BB000A2F-B290-4C01-8366-375FB93E2496}.Debug|Any CPU.Build.0 = Debug|Any CPU
		{BB000A2F-B290-4C01-8366-375FB93E2496}.Release|Any CPU.ActiveCfg = Release|Any CPU
		{BB000A2F-B290-4C01-8366-375FB93E2496}.Release|Any CPU.Build.0 = Release|Any CPU
		{39706D85-03A7-4545-AB5B-D72215651C4D}.Debug|Any CPU.ActiveCfg = Debug|Any CPU
		{39706D85-03A7-4545-AB5B-D72215651C4D}.Debug|Any CPU.Build.0 = Debug|Any CPU
		{39706D85-03A7-4545-AB5B-D72215651C4D}.Release|Any CPU.ActiveCfg = Release|Any CPU
		{39706D85-03A7-4545-AB5B-D72215651C4D}.Release|Any CPU.Build.0 = Release|Any CPU
		{A4AB033F-DCC8-4AB3-8C88-F0FF2F65B7B9}.Debug|Any CPU.ActiveCfg = Debug|Any CPU
		{A4AB033F-DCC8-4AB3-8C88-F0FF2F65B7B9}.Debug|Any CPU.Build.0 = Debug|Any CPU
		{A4AB033F-DCC8-4AB3-8C88-F0FF2F65B7B9}.Release|Any CPU.ActiveCfg = Release|Any CPU
		{A4AB033F-DCC8-4AB3-8C88-F0FF2F65B7B9}.Release|Any CPU.Build.0 = Release|Any CPU
		{64B0B41D-FD4C-47E0-BB04-CA5B2FD1A9BB}.Debug|Any CPU.ActiveCfg = Debug|Any CPU
		{64B0B41D-FD4C-47E0-BB04-CA5B2FD1A9BB}.Debug|Any CPU.Build.0 = Debug|Any CPU
		{64B0B41D-FD4C-47E0-BB04-CA5B2FD1A9BB}.Release|Any CPU.ActiveCfg = Release|Any CPU
		{64B0B41D-FD4C-47E0-BB04-CA5B2FD1A9BB}.Release|Any CPU.Build.0 = Release|Any CPU
		{C54929FE-C788-4B17-99BC-3548B3DB8F20}.Debug|Any CPU.ActiveCfg = Debug|Any CPU
		{C54929FE-C788-4B17-99BC-3548B3DB8F20}.Debug|Any CPU.Build.0 = Debug|Any CPU
		{C54929FE-C788-4B17-99BC-3548B3DB8F20}.Release|Any CPU.ActiveCfg = Release|Any CPU
		{C54929FE-C788-4B17-99BC-3548B3DB8F20}.Release|Any CPU.Build.0 = Release|Any CPU
		{D083C47E-0139-4B85-8051-89976CB31F1D}.Debug|Any CPU.ActiveCfg = Debug|Any CPU
		{D083C47E-0139-4B85-8051-89976CB31F1D}.Debug|Any CPU.Build.0 = Debug|Any CPU
		{D083C47E-0139-4B85-8051-89976CB31F1D}.Release|Any CPU.ActiveCfg = Release|Any CPU
		{D083C47E-0139-4B85-8051-89976CB31F1D}.Release|Any CPU.Build.0 = Release|Any CPU
		{9F33F118-AC92-479C-AB9B-24DEC35F3159}.Debug|Any CPU.ActiveCfg = Debug|Any CPU
		{9F33F118-AC92-479C-AB9B-24DEC35F3159}.Debug|Any CPU.Build.0 = Debug|Any CPU
		{9F33F118-AC92-479C-AB9B-24DEC35F3159}.Release|Any CPU.ActiveCfg = Release|Any CPU
		{9F33F118-AC92-479C-AB9B-24DEC35F3159}.Release|Any CPU.Build.0 = Release|Any CPU
		{53356497-197D-4D4A-81E4-5ECF888F6AE3}.Debug|Any CPU.ActiveCfg = Debug|Any CPU
		{53356497-197D-4D4A-81E4-5ECF888F6AE3}.Debug|Any CPU.Build.0 = Debug|Any CPU
		{53356497-197D-4D4A-81E4-5ECF888F6AE3}.Release|Any CPU.ActiveCfg = Release|Any CPU
		{53356497-197D-4D4A-81E4-5ECF888F6AE3}.Release|Any CPU.Build.0 = Release|Any CPU
		{8D04CB3D-5C01-484A-82D2-D6AAAF17C7F8}.Debug|Any CPU.ActiveCfg = Debug|Any CPU
		{8D04CB3D-5C01-484A-82D2-D6AAAF17C7F8}.Debug|Any CPU.Build.0 = Debug|Any CPU
		{8D04CB3D-5C01-484A-82D2-D6AAAF17C7F8}.Release|Any CPU.ActiveCfg = Release|Any CPU
		{8D04CB3D-5C01-484A-82D2-D6AAAF17C7F8}.Release|Any CPU.Build.0 = Release|Any CPU
		{81FAE44A-18E3-43A0-9BAF-3CC797B31341}.Debug|Any CPU.ActiveCfg = Debug|Any CPU
		{81FAE44A-18E3-43A0-9BAF-3CC797B31341}.Debug|Any CPU.Build.0 = Debug|Any CPU
		{81FAE44A-18E3-43A0-9BAF-3CC797B31341}.Release|Any CPU.ActiveCfg = Release|Any CPU
		{81FAE44A-18E3-43A0-9BAF-3CC797B31341}.Release|Any CPU.Build.0 = Release|Any CPU
		{A8A83367-B7D2-443E-8A6C-2CD09C648ED7}.Debug|Any CPU.ActiveCfg = Debug|Any CPU
		{A8A83367-B7D2-443E-8A6C-2CD09C648ED7}.Debug|Any CPU.Build.0 = Debug|Any CPU
		{A8A83367-B7D2-443E-8A6C-2CD09C648ED7}.Release|Any CPU.ActiveCfg = Release|Any CPU
		{A8A83367-B7D2-443E-8A6C-2CD09C648ED7}.Release|Any CPU.Build.0 = Release|Any CPU
		{10769199-E8CB-43CE-9004-DA12683E2DF9}.Debug|Any CPU.ActiveCfg = Debug|Any CPU
		{10769199-E8CB-43CE-9004-DA12683E2DF9}.Debug|Any CPU.Build.0 = Debug|Any CPU
		{10769199-E8CB-43CE-9004-DA12683E2DF9}.Release|Any CPU.ActiveCfg = Release|Any CPU
		{10769199-E8CB-43CE-9004-DA12683E2DF9}.Release|Any CPU.Build.0 = Release|Any CPU
		{80A48698-4E8C-452C-9D3A-98357C192B52}.Debug|Any CPU.ActiveCfg = Debug|Any CPU
		{80A48698-4E8C-452C-9D3A-98357C192B52}.Debug|Any CPU.Build.0 = Debug|Any CPU
		{80A48698-4E8C-452C-9D3A-98357C192B52}.Release|Any CPU.ActiveCfg = Release|Any CPU
		{80A48698-4E8C-452C-9D3A-98357C192B52}.Release|Any CPU.Build.0 = Release|Any CPU
		{18419E62-7D21-4B32-BAC9-E33F240AE6C1}.Debug|Any CPU.ActiveCfg = Debug|Any CPU
		{18419E62-7D21-4B32-BAC9-E33F240AE6C1}.Debug|Any CPU.Build.0 = Debug|Any CPU
		{18419E62-7D21-4B32-BAC9-E33F240AE6C1}.Release|Any CPU.ActiveCfg = Release|Any CPU
		{18419E62-7D21-4B32-BAC9-E33F240AE6C1}.Release|Any CPU.Build.0 = Release|Any CPU
		{AF8EFB95-DFF2-46F2-BD3A-907E87BD0DA4}.Debug|Any CPU.ActiveCfg = Debug|Any CPU
		{AF8EFB95-DFF2-46F2-BD3A-907E87BD0DA4}.Debug|Any CPU.Build.0 = Debug|Any CPU
		{AF8EFB95-DFF2-46F2-BD3A-907E87BD0DA4}.Release|Any CPU.ActiveCfg = Release|Any CPU
		{AF8EFB95-DFF2-46F2-BD3A-907E87BD0DA4}.Release|Any CPU.Build.0 = Release|Any CPU
		{F4A31290-2ABA-43F9-BB45-0846D69C2200}.Debug|Any CPU.ActiveCfg = Debug|Any CPU
		{F4A31290-2ABA-43F9-BB45-0846D69C2200}.Debug|Any CPU.Build.0 = Debug|Any CPU
		{F4A31290-2ABA-43F9-BB45-0846D69C2200}.Release|Any CPU.ActiveCfg = Release|Any CPU
		{F4A31290-2ABA-43F9-BB45-0846D69C2200}.Release|Any CPU.Build.0 = Release|Any CPU
		{95CF4AAD-39E1-4193-973B-9E2161C355AF}.Debug|Any CPU.ActiveCfg = Debug|Any CPU
		{95CF4AAD-39E1-4193-973B-9E2161C355AF}.Debug|Any CPU.Build.0 = Debug|Any CPU
		{95CF4AAD-39E1-4193-973B-9E2161C355AF}.Release|Any CPU.ActiveCfg = Release|Any CPU
		{95CF4AAD-39E1-4193-973B-9E2161C355AF}.Release|Any CPU.Build.0 = Release|Any CPU
		{59AD514C-7F49-4686-A71B-665CF26703E4}.Debug|Any CPU.ActiveCfg = Debug|Any CPU
		{59AD514C-7F49-4686-A71B-665CF26703E4}.Debug|Any CPU.Build.0 = Debug|Any CPU
		{59AD514C-7F49-4686-A71B-665CF26703E4}.Release|Any CPU.ActiveCfg = Release|Any CPU
		{59AD514C-7F49-4686-A71B-665CF26703E4}.Release|Any CPU.Build.0 = Release|Any CPU
		{A77B17B2-FF37-4635-90A1-FCE44BC3005B}.Debug|Any CPU.ActiveCfg = Debug|Any CPU
		{A77B17B2-FF37-4635-90A1-FCE44BC3005B}.Debug|Any CPU.Build.0 = Debug|Any CPU
		{A77B17B2-FF37-4635-90A1-FCE44BC3005B}.Release|Any CPU.ActiveCfg = Release|Any CPU
		{A77B17B2-FF37-4635-90A1-FCE44BC3005B}.Release|Any CPU.Build.0 = Release|Any CPU
		{8EC1DAD0-D450-4653-8884-D26CDE5D38C9}.Debug|Any CPU.ActiveCfg = Debug|Any CPU
		{8EC1DAD0-D450-4653-8884-D26CDE5D38C9}.Debug|Any CPU.Build.0 = Debug|Any CPU
		{8EC1DAD0-D450-4653-8884-D26CDE5D38C9}.Release|Any CPU.ActiveCfg = Release|Any CPU
		{8EC1DAD0-D450-4653-8884-D26CDE5D38C9}.Release|Any CPU.Build.0 = Release|Any CPU
	EndGlobalSection
	GlobalSection(SolutionProperties) = preSolution
		HideSolutionNode = FALSE
	EndGlobalSection
	GlobalSection(NestedProjects) = preSolution
		{541D69E2-9E32-4C64-9C0C-EF064C4DE524} = {142C8040-9B10-4DFD-87C2-5610349DF59D}
		{BB000A2F-B290-4C01-8366-375FB93E2496} = {142C8040-9B10-4DFD-87C2-5610349DF59D}
		{39706D85-03A7-4545-AB5B-D72215651C4D} = {142C8040-9B10-4DFD-87C2-5610349DF59D}
		{A4AB033F-DCC8-4AB3-8C88-F0FF2F65B7B9} = {4B7BBE9C-7D83-44C4-BDD0-FF36C1A93F41}
		{64B0B41D-FD4C-47E0-BB04-CA5B2FD1A9BB} = {4B7BBE9C-7D83-44C4-BDD0-FF36C1A93F41}
		{C54929FE-C788-4B17-99BC-3548B3DB8F20} = {4B7BBE9C-7D83-44C4-BDD0-FF36C1A93F41}
		{D083C47E-0139-4B85-8051-89976CB31F1D} = {59358E1E-AA3C-4B02-A5DA-D2F284EADA04}
		{9F33F118-AC92-479C-AB9B-24DEC35F3159} = {59358E1E-AA3C-4B02-A5DA-D2F284EADA04}
		{53356497-197D-4D4A-81E4-5ECF888F6AE3} = {59358E1E-AA3C-4B02-A5DA-D2F284EADA04}
		{8D04CB3D-5C01-484A-82D2-D6AAAF17C7F8} = {786B64D2-0098-4244-81A2-7600DA85A165}
		{81FAE44A-18E3-43A0-9BAF-3CC797B31341} = {786B64D2-0098-4244-81A2-7600DA85A165}
		{A8A83367-B7D2-443E-8A6C-2CD09C648ED7} = {786B64D2-0098-4244-81A2-7600DA85A165}
		{10769199-E8CB-43CE-9004-DA12683E2DF9} = {0194BC0B-B003-4E17-A3BE-5C446E8FBC1A}
		{80A48698-4E8C-452C-9D3A-98357C192B52} = {0194BC0B-B003-4E17-A3BE-5C446E8FBC1A}
		{18419E62-7D21-4B32-BAC9-E33F240AE6C1} = {CD93AE44-0CDA-4EE7-B687-199F89975CD1}
		{AF8EFB95-DFF2-46F2-BD3A-907E87BD0DA4} = {CD93AE44-0CDA-4EE7-B687-199F89975CD1}
		{F4A31290-2ABA-43F9-BB45-0846D69C2200} = {9EE86F3C-0000-4D59-B528-C837758B8392}
		{95CF4AAD-39E1-4193-973B-9E2161C355AF} = {9EE86F3C-0000-4D59-B528-C837758B8392}
		{59AD514C-7F49-4686-A71B-665CF26703E4} = {9EE86F3C-0000-4D59-B528-C837758B8392}
		{A77B17B2-FF37-4635-90A1-FCE44BC3005B} = {CD93AE44-0CDA-4EE7-B687-199F89975CD1}
		{8EC1DAD0-D450-4653-8884-D26CDE5D38C9} = {0194BC0B-B003-4E17-A3BE-5C446E8FBC1A}
	EndGlobalSection
	GlobalSection(ExtensibilityGlobals) = postSolution
		SolutionGuid = {74A884B9-3954-4BA1-9E75-31A75DA7903D}
	EndGlobalSection
EndGlobal
